// !$*UTF8*$!
{
	archiveVersion = 1;
	classes = {
	};
	objectVersion = 56;
	objects = {

/* Begin PBXBuildFile section */
		A30220892DBDD56900C3C195 /* BackgroundTaskManager.swift in Sources */ = {isa = PBXBuildFile; fileRef = A30220882DBDD56900C3C195 /* BackgroundTaskManager.swift */; };
		A31DDB482DFCDA4300E16E4B /* OnboardingOverlay.swift in Sources */ = {isa = PBXBuildFile; fileRef = A31DDB472DFCDA4300E16E4B /* OnboardingOverlay.swift */; };
		A31DDB4A2DFCDA5000E16E4B /* OnboardingStep.swift in Sources */ = {isa = PBXBuildFile; fileRef = A31DDB492DFCDA5000E16E4B /* OnboardingStep.swift */; };
		A31DDB4C2DFCDA7D00E16E4B /* OnboardingUITests.swift in Sources */ = {isa = PBXBuildFile; fileRef = A31DDB4B2DFCDA7D00E16E4B /* OnboardingUITests.swift */; };
		A31DDB4E2DFCEB2600E16E4B /* TourStep.swift in Sources */ = {isa = PBXBuildFile; fileRef = A31DDB4D2DFCEB2600E16E4B /* TourStep.swift */; };
		A31DDB502DFCEB3800E16E4B /* OnboardingViewModel.swift in Sources */ = {isa = PBXBuildFile; fileRef = A31DDB4F2DFCEB3800E16E4B /* OnboardingViewModel.swift */; };
		A31DDB522DFCEB4700E16E4B /* OnboardingTourOverlay.swift in Sources */ = {isa = PBXBuildFile; fileRef = A31DDB512DFCEB4700E16E4B /* OnboardingTourOverlay.swift */; };
		A365B0012B44D34900FF712E /* bikecheckApp.swift in Sources */ = {isa = PBXBuildFile; fileRef = A365B0002B44D34900FF712E /* bikecheckApp.swift */; };
		A365B0082B44D34A00FF712E /* Preview Assets.xcassets in Resources */ = {isa = PBXBuildFile; fileRef = A365B0072B44D34A00FF712E /* Preview Assets.xcassets */; };
		A365B00D2B44D34A00FF712E /* bikecheck.xcdatamodeld in Sources */ = {isa = PBXBuildFile; fileRef = A365B00B2B44D34A00FF712E /* bikecheck.xcdatamodeld */; };
		A365B0312B44D37300FF712E /* TokenInfo.swift in Sources */ = {isa = PBXBuildFile; fileRef = A365B0302B44D37300FF712E /* TokenInfo.swift */; };
		A365B03A2B44D41000FF712E /* Alamofire in Frameworks */ = {isa = PBXBuildFile; productRef = A365B0392B44D41000FF712E /* Alamofire */; };
		A38B307A2DAC5B0000F82FA3 /* bikecheckUITests.swift in Sources */ = {isa = PBXBuildFile; fileRef = A38B30792DAC5B0000F82FA3 /* bikecheckUITests.swift */; };
		A38B307E2DAC5B2000F82FA3 /* PersistenceControllerTests.swift in Sources */ = {isa = PBXBuildFile; fileRef = A38B307D2DAC5B2000F82FA3 /* PersistenceControllerTests.swift */; };
		A38B307F2DAC5B2000F82FA3 /* DataServiceTests.swift in Sources */ = {isa = PBXBuildFile; fileRef = A38B307B2DAC5B2000F82FA3 /* DataServiceTests.swift */; };
		A38B30802DAC5B2000F82FA3 /* MockPersistenceController.swift in Sources */ = {isa = PBXBuildFile; fileRef = A38B307C2DAC5B2000F82FA3 /* MockPersistenceController.swift */; };
		A3934B0D2DE93F4A003DF2D1 /* BikeCheckUITestCase.swift in Sources */ = {isa = PBXBuildFile; fileRef = A3934B0C2DE93F4A003DF2D1 /* BikeCheckUITestCase.swift */; };
		A39ADD9E2B54A8CD0038AC55 /* ServiceInterval.swift in Sources */ = {isa = PBXBuildFile; fileRef = A39ADD9D2B54A8CD0038AC55 /* ServiceInterval.swift */; };
		A3AB08402DA1EE1300935BB8 /* ServiceViewModel.swift in Sources */ = {isa = PBXBuildFile; fileRef = A3AB08362DA1EE1300935BB8 /* ServiceViewModel.swift */; };
		A3AB08412DA1EE1300935BB8 /* BikesView.swift in Sources */ = {isa = PBXBuildFile; fileRef = A3AB083B2DA1EE1300935BB8 /* BikesView.swift */; };
		A3AB08422DA1EE1300935BB8 /* LoginView.swift in Sources */ = {isa = PBXBuildFile; fileRef = A3AB083D2DA1EE1300935BB8 /* LoginView.swift */; };
		A3AB08432DA1EE1300935BB8 /* PersistenceController.swift in Sources */ = {isa = PBXBuildFile; fileRef = A3AB082E2DA1EE1300935BB8 /* PersistenceController.swift */; };
		A3AB08442DA1EE1300935BB8 /* AddServiceIntervalViewModel.swift in Sources */ = {isa = PBXBuildFile; fileRef = A3AB08322DA1EE1300935BB8 /* AddServiceIntervalViewModel.swift */; };
		A3AB08452DA1EE1300935BB8 /* NotificationService.swift in Sources */ = {isa = PBXBuildFile; fileRef = A3AB082D2DA1EE1300935BB8 /* NotificationService.swift */; };
		A3AB08462DA1EE1300935BB8 /* AddServiceIntervalView.swift in Sources */ = {isa = PBXBuildFile; fileRef = A3AB08392DA1EE1300935BB8 /* AddServiceIntervalView.swift */; };
		A3AB08472DA1EE1300935BB8 /* LoginViewModel.swift in Sources */ = {isa = PBXBuildFile; fileRef = A3AB08352DA1EE1300935BB8 /* LoginViewModel.swift */; };
		A3AB08482DA1EE1300935BB8 /* DataService.swift in Sources */ = {isa = PBXBuildFile; fileRef = A3AB082C2DA1EE1300935BB8 /* DataService.swift */; };
		A3AB08492DA1EE1300935BB8 /* BikeDetailView.swift in Sources */ = {isa = PBXBuildFile; fileRef = A3AB083A2DA1EE1300935BB8 /* BikeDetailView.swift */; };
		A3AB084A2DA1EE1300935BB8 /* ActivitiesViewModel.swift in Sources */ = {isa = PBXBuildFile; fileRef = A3AB08312DA1EE1300935BB8 /* ActivitiesViewModel.swift */; };
		A3AB084B2DA1EE1300935BB8 /* BikeDetailViewModel.swift in Sources */ = {isa = PBXBuildFile; fileRef = A3AB08332DA1EE1300935BB8 /* BikeDetailViewModel.swift */; };
		A3AB084C2DA1EE1300935BB8 /* HomeView.swift in Sources */ = {isa = PBXBuildFile; fileRef = A3AB083C2DA1EE1300935BB8 /* HomeView.swift */; };
		A3AB084D2DA1EE1300935BB8 /* StravaService.swift in Sources */ = {isa = PBXBuildFile; fileRef = A3AB082F2DA1EE1300935BB8 /* StravaService.swift */; };
		A3AB084E2DA1EE1300935BB8 /* ActivitiesView.swift in Sources */ = {isa = PBXBuildFile; fileRef = A3AB08382DA1EE1300935BB8 /* ActivitiesView.swift */; };
		A3AB084F2DA1EE1300935BB8 /* ServiceView.swift in Sources */ = {isa = PBXBuildFile; fileRef = A3AB083E2DA1EE1300935BB8 /* ServiceView.swift */; };
		A3AB08502DA1EE1300935BB8 /* BikesViewModel.swift in Sources */ = {isa = PBXBuildFile; fileRef = A3AB08342DA1EE1300935BB8 /* BikesViewModel.swift */; };
		A3C2EC792C237B7500BA2BC8 /* Assets.xcassets in Resources */ = {isa = PBXBuildFile; fileRef = A365B0042B44D34A00FF712E /* Assets.xcassets */; };
		A3E742952B46FDEE00C5191F /* Athlete.swift in Sources */ = {isa = PBXBuildFile; fileRef = A3E742922B46FDEE00C5191F /* Athlete.swift */; };
		A3E742962B46FDEE00C5191F /* Activity.swift in Sources */ = {isa = PBXBuildFile; fileRef = A3E742932B46FDEE00C5191F /* Activity.swift */; };
		A3E742972B46FDEE00C5191F /* Bike.swift in Sources */ = {isa = PBXBuildFile; fileRef = A3E742942B46FDEE00C5191F /* Bike.swift */; };
/* End PBXBuildFile section */

/* Begin PBXContainerItemProxy section */
		A365B0132B44D34A00FF712E /* PBXContainerItemProxy */ = {
			isa = PBXContainerItemProxy;
			containerPortal = A365AFF52B44D34900FF712E /* Project object */;
			proxyType = 1;
			remoteGlobalIDString = A365AFFC2B44D34900FF712E;
			remoteInfo = bikecheck;
		};
		A365B01D2B44D34A00FF712E /* PBXContainerItemProxy */ = {
			isa = PBXContainerItemProxy;
			containerPortal = A365AFF52B44D34900FF712E /* Project object */;
			proxyType = 1;
			remoteGlobalIDString = A365AFFC2B44D34900FF712E;
			remoteInfo = bikecheck;
		};
/* End PBXContainerItemProxy section */

/* Begin PBXFileReference section */
		A30220882DBDD56900C3C195 /* BackgroundTaskManager.swift */ = {isa = PBXFileReference; lastKnownFileType = sourcecode.swift; path = BackgroundTaskManager.swift; sourceTree = "<group>"; };
		A31DDB472DFCDA4300E16E4B /* OnboardingOverlay.swift */ = {isa = PBXFileReference; lastKnownFileType = sourcecode.swift; path = OnboardingOverlay.swift; sourceTree = "<group>"; };
		A31DDB492DFCDA5000E16E4B /* OnboardingStep.swift */ = {isa = PBXFileReference; lastKnownFileType = sourcecode.swift; path = OnboardingStep.swift; sourceTree = "<group>"; };
		A31DDB4B2DFCDA7D00E16E4B /* OnboardingUITests.swift */ = {isa = PBXFileReference; lastKnownFileType = sourcecode.swift; path = OnboardingUITests.swift; sourceTree = "<group>"; };
		A31DDB4D2DFCEB2600E16E4B /* TourStep.swift */ = {isa = PBXFileReference; lastKnownFileType = sourcecode.swift; path = TourStep.swift; sourceTree = "<group>"; };
		A31DDB4F2DFCEB3800E16E4B /* OnboardingViewModel.swift */ = {isa = PBXFileReference; lastKnownFileType = sourcecode.swift; path = OnboardingViewModel.swift; sourceTree = "<group>"; };
		A31DDB512DFCEB4700E16E4B /* OnboardingTourOverlay.swift */ = {isa = PBXFileReference; lastKnownFileType = sourcecode.swift; path = OnboardingTourOverlay.swift; sourceTree = "<group>"; };
		A365AFFD2B44D34900FF712E /* bikecheck.app */ = {isa = PBXFileReference; explicitFileType = wrapper.application; includeInIndex = 0; path = bikecheck.app; sourceTree = BUILT_PRODUCTS_DIR; };
		A365B0002B44D34900FF712E /* bikecheckApp.swift */ = {isa = PBXFileReference; lastKnownFileType = sourcecode.swift; path = bikecheckApp.swift; sourceTree = "<group>"; };
		A365B0042B44D34A00FF712E /* Assets.xcassets */ = {isa = PBXFileReference; lastKnownFileType = folder.assetcatalog; path = Assets.xcassets; sourceTree = "<group>"; };
		A365B0072B44D34A00FF712E /* Preview Assets.xcassets */ = {isa = PBXFileReference; lastKnownFileType = folder.assetcatalog; path = "Preview Assets.xcassets"; sourceTree = "<group>"; };
		A365B00C2B44D34A00FF712E /* bikecheck.xcdatamodel */ = {isa = PBXFileReference; lastKnownFileType = wrapper.xcdatamodel; path = bikecheck.xcdatamodel; sourceTree = "<group>"; };
		A365B0122B44D34A00FF712E /* bikecheckTests.xctest */ = {isa = PBXFileReference; explicitFileType = wrapper.cfbundle; includeInIndex = 0; path = bikecheckTests.xctest; sourceTree = BUILT_PRODUCTS_DIR; };
		A365B01C2B44D34A00FF712E /* bikecheckUITests.xctest */ = {isa = PBXFileReference; explicitFileType = wrapper.cfbundle; includeInIndex = 0; path = bikecheckUITests.xctest; sourceTree = BUILT_PRODUCTS_DIR; };
		A365B0302B44D37300FF712E /* TokenInfo.swift */ = {isa = PBXFileReference; fileEncoding = 4; lastKnownFileType = sourcecode.swift; path = TokenInfo.swift; sourceTree = "<group>"; };
		A365B03B2B44D93700FF712E /* Info.plist */ = {isa = PBXFileReference; lastKnownFileType = text.plist; path = Info.plist; sourceTree = "<group>"; };
		A38B30792DAC5B0000F82FA3 /* bikecheckUITests.swift */ = {isa = PBXFileReference; lastKnownFileType = sourcecode.swift; path = bikecheckUITests.swift; sourceTree = "<group>"; };
		A38B307B2DAC5B2000F82FA3 /* DataServiceTests.swift */ = {isa = PBXFileReference; lastKnownFileType = sourcecode.swift; path = DataServiceTests.swift; sourceTree = "<group>"; };
		A38B307C2DAC5B2000F82FA3 /* MockPersistenceController.swift */ = {isa = PBXFileReference; lastKnownFileType = sourcecode.swift; path = MockPersistenceController.swift; sourceTree = "<group>"; };
		A38B307D2DAC5B2000F82FA3 /* PersistenceControllerTests.swift */ = {isa = PBXFileReference; lastKnownFileType = sourcecode.swift; path = PersistenceControllerTests.swift; sourceTree = "<group>"; };
		A3934B0C2DE93F4A003DF2D1 /* BikeCheckUITestCase.swift */ = {isa = PBXFileReference; lastKnownFileType = sourcecode.swift; path = BikeCheckUITestCase.swift; sourceTree = "<group>"; };
		A39ADD9D2B54A8CD0038AC55 /* ServiceInterval.swift */ = {isa = PBXFileReference; lastKnownFileType = sourcecode.swift; path = ServiceInterval.swift; sourceTree = "<group>"; };
		A3AB082C2DA1EE1300935BB8 /* DataService.swift */ = {isa = PBXFileReference; lastKnownFileType = sourcecode.swift; path = DataService.swift; sourceTree = "<group>"; };
		A3AB082D2DA1EE1300935BB8 /* NotificationService.swift */ = {isa = PBXFileReference; lastKnownFileType = sourcecode.swift; path = NotificationService.swift; sourceTree = "<group>"; };
		A3AB082E2DA1EE1300935BB8 /* PersistenceController.swift */ = {isa = PBXFileReference; lastKnownFileType = sourcecode.swift; path = PersistenceController.swift; sourceTree = "<group>"; };
		A3AB082F2DA1EE1300935BB8 /* StravaService.swift */ = {isa = PBXFileReference; lastKnownFileType = sourcecode.swift; path = StravaService.swift; sourceTree = "<group>"; };
		A3AB08312DA1EE1300935BB8 /* ActivitiesViewModel.swift */ = {isa = PBXFileReference; lastKnownFileType = sourcecode.swift; path = ActivitiesViewModel.swift; sourceTree = "<group>"; };
		A3AB08322DA1EE1300935BB8 /* AddServiceIntervalViewModel.swift */ = {isa = PBXFileReference; lastKnownFileType = sourcecode.swift; path = AddServiceIntervalViewModel.swift; sourceTree = "<group>"; };
		A3AB08332DA1EE1300935BB8 /* BikeDetailViewModel.swift */ = {isa = PBXFileReference; lastKnownFileType = sourcecode.swift; path = BikeDetailViewModel.swift; sourceTree = "<group>"; };
		A3AB08342DA1EE1300935BB8 /* BikesViewModel.swift */ = {isa = PBXFileReference; lastKnownFileType = sourcecode.swift; path = BikesViewModel.swift; sourceTree = "<group>"; };
		A3AB08352DA1EE1300935BB8 /* LoginViewModel.swift */ = {isa = PBXFileReference; lastKnownFileType = sourcecode.swift; path = LoginViewModel.swift; sourceTree = "<group>"; };
		A3AB08362DA1EE1300935BB8 /* ServiceViewModel.swift */ = {isa = PBXFileReference; lastKnownFileType = sourcecode.swift; path = ServiceViewModel.swift; sourceTree = "<group>"; };
		A3AB08382DA1EE1300935BB8 /* ActivitiesView.swift */ = {isa = PBXFileReference; lastKnownFileType = sourcecode.swift; path = ActivitiesView.swift; sourceTree = "<group>"; };
		A3AB08392DA1EE1300935BB8 /* AddServiceIntervalView.swift */ = {isa = PBXFileReference; lastKnownFileType = sourcecode.swift; path = AddServiceIntervalView.swift; sourceTree = "<group>"; };
		A3AB083A2DA1EE1300935BB8 /* BikeDetailView.swift */ = {isa = PBXFileReference; lastKnownFileType = sourcecode.swift; path = BikeDetailView.swift; sourceTree = "<group>"; };
		A3AB083B2DA1EE1300935BB8 /* BikesView.swift */ = {isa = PBXFileReference; lastKnownFileType = sourcecode.swift; path = BikesView.swift; sourceTree = "<group>"; };
		A3AB083C2DA1EE1300935BB8 /* HomeView.swift */ = {isa = PBXFileReference; lastKnownFileType = sourcecode.swift; path = HomeView.swift; sourceTree = "<group>"; };
		A3AB083D2DA1EE1300935BB8 /* LoginView.swift */ = {isa = PBXFileReference; lastKnownFileType = sourcecode.swift; path = LoginView.swift; sourceTree = "<group>"; };
		A3AB083E2DA1EE1300935BB8 /* ServiceView.swift */ = {isa = PBXFileReference; lastKnownFileType = sourcecode.swift; path = ServiceView.swift; sourceTree = "<group>"; };
		A3E742922B46FDEE00C5191F /* Athlete.swift */ = {isa = PBXFileReference; fileEncoding = 4; lastKnownFileType = sourcecode.swift; path = Athlete.swift; sourceTree = "<group>"; usesTabs = 0; };
		A3E742932B46FDEE00C5191F /* Activity.swift */ = {isa = PBXFileReference; fileEncoding = 4; lastKnownFileType = sourcecode.swift; path = Activity.swift; sourceTree = "<group>"; };
		A3E742942B46FDEE00C5191F /* Bike.swift */ = {isa = PBXFileReference; fileEncoding = 4; lastKnownFileType = sourcecode.swift; path = Bike.swift; sourceTree = "<group>"; };
		A3F2D2872E1318A20079E9FA /* bikecheck.xctestplan */ = {isa = PBXFileReference; lastKnownFileType = text; path = bikecheck.xctestplan; sourceTree = "<group>"; };
/* End PBXFileReference section */

/* Begin PBXFrameworksBuildPhase section */
		A365AFFA2B44D34900FF712E /* Frameworks */ = {
			isa = PBXFrameworksBuildPhase;
			buildActionMask = 2147483647;
			files = (
				A365B03A2B44D41000FF712E /* Alamofire in Frameworks */,
			);
			runOnlyForDeploymentPostprocessing = 0;
		};
		A365B00F2B44D34A00FF712E /* Frameworks */ = {
			isa = PBXFrameworksBuildPhase;
			buildActionMask = 2147483647;
			files = (
			);
			runOnlyForDeploymentPostprocessing = 0;
		};
		A365B0192B44D34A00FF712E /* Frameworks */ = {
			isa = PBXFrameworksBuildPhase;
			buildActionMask = 2147483647;
			files = (
			);
			runOnlyForDeploymentPostprocessing = 0;
		};
/* End PBXFrameworksBuildPhase section */

/* Begin PBXGroup section */
		A365AFF42B44D34900FF712E = {
			isa = PBXGroup;
			children = (
				A3F2D2872E1318A20079E9FA /* bikecheck.xctestplan */,
				A365AFFF2B44D34900FF712E /* bikecheck */,
				A365B0152B44D34A00FF712E /* bikecheckTests */,
				A365B01F2B44D34A00FF712E /* bikecheckUITests */,
				A365AFFE2B44D34900FF712E /* Products */,
			);
			sourceTree = "<group>";
		};
		A365AFFE2B44D34900FF712E /* Products */ = {
			isa = PBXGroup;
			children = (
				A365AFFD2B44D34900FF712E /* bikecheck.app */,
				A365B0122B44D34A00FF712E /* bikecheckTests.xctest */,
				A365B01C2B44D34A00FF712E /* bikecheckUITests.xctest */,
			);
			name = Products;
			sourceTree = "<group>";
		};
		A365AFFF2B44D34900FF712E /* bikecheck */ = {
			isa = PBXGroup;
			children = (
				A365B03B2B44D93700FF712E /* Info.plist */,
				A365B0002B44D34900FF712E /* bikecheckApp.swift */,
				A3AB08302DA1EE1300935BB8 /* Services */,
				A3AB08372DA1EE1300935BB8 /* ViewModels */,
				A3AB083F2DA1EE1300935BB8 /* Views */,
				A365B00B2B44D34A00FF712E /* bikecheck.xcdatamodeld */,
				A365B0042B44D34A00FF712E /* Assets.xcassets */,
				A365B02F2B44D36100FF712E /* Models */,
				A365B0062B44D34A00FF712E /* Preview Content */,
			);
			path = bikecheck;
			sourceTree = "<group>";
		};
		A365B0062B44D34A00FF712E /* Preview Content */ = {
			isa = PBXGroup;
			children = (
				A365B0072B44D34A00FF712E /* Preview Assets.xcassets */,
			);
			path = "Preview Content";
			sourceTree = "<group>";
		};
		A365B0152B44D34A00FF712E /* bikecheckTests */ = {
			isa = PBXGroup;
			children = (
				A38B307B2DAC5B2000F82FA3 /* DataServiceTests.swift */,
				A38B307C2DAC5B2000F82FA3 /* MockPersistenceController.swift */,
				A38B307D2DAC5B2000F82FA3 /* PersistenceControllerTests.swift */,
			);
			path = bikecheckTests;
			sourceTree = "<group>";
		};
		A365B01F2B44D34A00FF712E /* bikecheckUITests */ = {
			isa = PBXGroup;
			children = (
				A31DDB4B2DFCDA7D00E16E4B /* OnboardingUITests.swift */,
				A3934B0C2DE93F4A003DF2D1 /* BikeCheckUITestCase.swift */,
				A38B30792DAC5B0000F82FA3 /* bikecheckUITests.swift */,
			);
			path = bikecheckUITests;
			sourceTree = "<group>";
		};
		A365B02F2B44D36100FF712E /* Models */ = {
			isa = PBXGroup;
			children = (
				A31DDB4D2DFCEB2600E16E4B /* TourStep.swift */,
				A31DDB492DFCDA5000E16E4B /* OnboardingStep.swift */,
				A3E742932B46FDEE00C5191F /* Activity.swift */,
				A3E742922B46FDEE00C5191F /* Athlete.swift */,
				A3E742942B46FDEE00C5191F /* Bike.swift */,
				A365B0302B44D37300FF712E /* TokenInfo.swift */,
				A39ADD9D2B54A8CD0038AC55 /* ServiceInterval.swift */,
			);
			path = Models;
			sourceTree = "<group>";
		};
		A3AB08302DA1EE1300935BB8 /* Services */ = {
			isa = PBXGroup;
			children = (
				A30220882DBDD56900C3C195 /* BackgroundTaskManager.swift */,
				A3AB082C2DA1EE1300935BB8 /* DataService.swift */,
				A3AB082D2DA1EE1300935BB8 /* NotificationService.swift */,
				A3AB082E2DA1EE1300935BB8 /* PersistenceController.swift */,
				A3AB082F2DA1EE1300935BB8 /* StravaService.swift */,
			);
			path = Services;
			sourceTree = "<group>";
		};
		A3AB08372DA1EE1300935BB8 /* ViewModels */ = {
			isa = PBXGroup;
			children = (
				A31DDB4F2DFCEB3800E16E4B /* OnboardingViewModel.swift */,
				A3AB08312DA1EE1300935BB8 /* ActivitiesViewModel.swift */,
				A3AB08322DA1EE1300935BB8 /* AddServiceIntervalViewModel.swift */,
				A3AB08332DA1EE1300935BB8 /* BikeDetailViewModel.swift */,
				A3AB08342DA1EE1300935BB8 /* BikesViewModel.swift */,
				A3AB08352DA1EE1300935BB8 /* LoginViewModel.swift */,
				A3AB08362DA1EE1300935BB8 /* ServiceViewModel.swift */,
			);
			path = ViewModels;
			sourceTree = "<group>";
		};
		A3AB083F2DA1EE1300935BB8 /* Views */ = {
			isa = PBXGroup;
			children = (
				A31DDB512DFCEB4700E16E4B /* OnboardingTourOverlay.swift */,
				A31DDB472DFCDA4300E16E4B /* OnboardingOverlay.swift */,
				A3AB08382DA1EE1300935BB8 /* ActivitiesView.swift */,
				A3AB08392DA1EE1300935BB8 /* AddServiceIntervalView.swift */,
				A3AB083A2DA1EE1300935BB8 /* BikeDetailView.swift */,
				A3AB083B2DA1EE1300935BB8 /* BikesView.swift */,
				A3AB083C2DA1EE1300935BB8 /* HomeView.swift */,
				A3AB083D2DA1EE1300935BB8 /* LoginView.swift */,
				A3AB083E2DA1EE1300935BB8 /* ServiceView.swift */,
			);
			path = Views;
			sourceTree = "<group>";
		};
/* End PBXGroup section */

/* Begin PBXNativeTarget section */
		A365AFFC2B44D34900FF712E /* bikecheck */ = {
			isa = PBXNativeTarget;
			buildConfigurationList = A365B0262B44D34A00FF712E /* Build configuration list for PBXNativeTarget "bikecheck" */;
			buildPhases = (
				A365AFF92B44D34900FF712E /* Sources */,
				A365AFFA2B44D34900FF712E /* Frameworks */,
				A365AFFB2B44D34900FF712E /* Resources */,
			);
			buildRules = (
			);
			dependencies = (
			);
			name = bikecheck;
			packageProductDependencies = (
				A365B0392B44D41000FF712E /* Alamofire */,
			);
			productName = bikecheck;
			productReference = A365AFFD2B44D34900FF712E /* bikecheck.app */;
			productType = "com.apple.product-type.application";
		};
		A365B0112B44D34A00FF712E /* bikecheckTests */ = {
			isa = PBXNativeTarget;
			buildConfigurationList = A365B0292B44D34A00FF712E /* Build configuration list for PBXNativeTarget "bikecheckTests" */;
			buildPhases = (
				A365B00E2B44D34A00FF712E /* Sources */,
				A365B00F2B44D34A00FF712E /* Frameworks */,
				A365B0102B44D34A00FF712E /* Resources */,
			);
			buildRules = (
			);
			dependencies = (
				A365B0142B44D34A00FF712E /* PBXTargetDependency */,
			);
			name = bikecheckTests;
			productName = bikecheckTests;
			productReference = A365B0122B44D34A00FF712E /* bikecheckTests.xctest */;
			productType = "com.apple.product-type.bundle.unit-test";
		};
		A365B01B2B44D34A00FF712E /* bikecheckUITests */ = {
			isa = PBXNativeTarget;
			buildConfigurationList = A365B02C2B44D34A00FF712E /* Build configuration list for PBXNativeTarget "bikecheckUITests" */;
			buildPhases = (
				A365B0182B44D34A00FF712E /* Sources */,
				A365B0192B44D34A00FF712E /* Frameworks */,
				A365B01A2B44D34A00FF712E /* Resources */,
			);
			buildRules = (
			);
			dependencies = (
				A365B01E2B44D34A00FF712E /* PBXTargetDependency */,
			);
			name = bikecheckUITests;
			productName = bikecheckUITests;
			productReference = A365B01C2B44D34A00FF712E /* bikecheckUITests.xctest */;
			productType = "com.apple.product-type.bundle.ui-testing";
		};
/* End PBXNativeTarget section */

/* Begin PBXProject section */
		A365AFF52B44D34900FF712E /* Project object */ = {
			isa = PBXProject;
			attributes = {
				BuildIndependentTargetsInParallel = 1;
				LastSwiftUpdateCheck = 1510;
				LastUpgradeCheck = 1510;
				TargetAttributes = {
					A365AFFC2B44D34900FF712E = {
						CreatedOnToolsVersion = 15.1;
					};
					A365B0112B44D34A00FF712E = {
						CreatedOnToolsVersion = 15.1;
						TestTargetID = A365AFFC2B44D34900FF712E;
					};
					A365B01B2B44D34A00FF712E = {
						CreatedOnToolsVersion = 15.1;
						TestTargetID = A365AFFC2B44D34900FF712E;
					};
				};
			};
			buildConfigurationList = A365AFF82B44D34900FF712E /* Build configuration list for PBXProject "bikecheck" */;
			compatibilityVersion = "Xcode 14.0";
			developmentRegion = en;
			hasScannedForEncodings = 0;
			knownRegions = (
				en,
				Base,
			);
			mainGroup = A365AFF42B44D34900FF712E;
			packageReferences = (
				A365B0382B44D41000FF712E /* XCRemoteSwiftPackageReference "Alamofire" */,
			);
			productRefGroup = A365AFFE2B44D34900FF712E /* Products */;
			projectDirPath = "";
			projectRoot = "";
			targets = (
				A365AFFC2B44D34900FF712E /* bikecheck */,
				A365B0112B44D34A00FF712E /* bikecheckTests */,
				A365B01B2B44D34A00FF712E /* bikecheckUITests */,
			);
		};
/* End PBXProject section */

/* Begin PBXResourcesBuildPhase section */
		A365AFFB2B44D34900FF712E /* Resources */ = {
			isa = PBXResourcesBuildPhase;
			buildActionMask = 2147483647;
			files = (
				A3C2EC792C237B7500BA2BC8 /* Assets.xcassets in Resources */,
				A365B0082B44D34A00FF712E /* Preview Assets.xcassets in Resources */,
			);
			runOnlyForDeploymentPostprocessing = 0;
		};
		A365B0102B44D34A00FF712E /* Resources */ = {
			isa = PBXResourcesBuildPhase;
			buildActionMask = 2147483647;
			files = (
			);
			runOnlyForDeploymentPostprocessing = 0;
		};
		A365B01A2B44D34A00FF712E /* Resources */ = {
			isa = PBXResourcesBuildPhase;
			buildActionMask = 2147483647;
			files = (
			);
			runOnlyForDeploymentPostprocessing = 0;
		};
/* End PBXResourcesBuildPhase section */

/* Begin PBXSourcesBuildPhase section */
		A365AFF92B44D34900FF712E /* Sources */ = {
			isa = PBXSourcesBuildPhase;
			buildActionMask = 2147483647;
			files = (
				A39ADD9E2B54A8CD0038AC55 /* ServiceInterval.swift in Sources */,
				A3AB08402DA1EE1300935BB8 /* ServiceViewModel.swift in Sources */,
				A3AB08412DA1EE1300935BB8 /* BikesView.swift in Sources */,
				A31DDB522DFCEB4700E16E4B /* OnboardingTourOverlay.swift in Sources */,
				A3AB08422DA1EE1300935BB8 /* LoginView.swift in Sources */,
				A3AB08432DA1EE1300935BB8 /* PersistenceController.swift in Sources */,
				A30220892DBDD56900C3C195 /* BackgroundTaskManager.swift in Sources */,
				A3AB08442DA1EE1300935BB8 /* AddServiceIntervalViewModel.swift in Sources */,
				A3AB08452DA1EE1300935BB8 /* NotificationService.swift in Sources */,
				A3AB08462DA1EE1300935BB8 /* AddServiceIntervalView.swift in Sources */,
				A31DDB482DFCDA4300E16E4B /* OnboardingOverlay.swift in Sources */,
				A3AB08472DA1EE1300935BB8 /* LoginViewModel.swift in Sources */,
				A3AB08482DA1EE1300935BB8 /* DataService.swift in Sources */,
				A3AB08492DA1EE1300935BB8 /* BikeDetailView.swift in Sources */,
				A3AB084A2DA1EE1300935BB8 /* ActivitiesViewModel.swift in Sources */,
				A3AB084B2DA1EE1300935BB8 /* BikeDetailViewModel.swift in Sources */,
				A3AB084C2DA1EE1300935BB8 /* HomeView.swift in Sources */,
				A31DDB502DFCEB3800E16E4B /* OnboardingViewModel.swift in Sources */,
				A31DDB4A2DFCDA5000E16E4B /* OnboardingStep.swift in Sources */,
				A3AB084D2DA1EE1300935BB8 /* StravaService.swift in Sources */,
				A3AB084E2DA1EE1300935BB8 /* ActivitiesView.swift in Sources */,
				A3AB084F2DA1EE1300935BB8 /* ServiceView.swift in Sources */,
				A3AB08502DA1EE1300935BB8 /* BikesViewModel.swift in Sources */,
				A3E742972B46FDEE00C5191F /* Bike.swift in Sources */,
				A365B0012B44D34900FF712E /* bikecheckApp.swift in Sources */,
				A365B0312B44D37300FF712E /* TokenInfo.swift in Sources */,
				A3E742962B46FDEE00C5191F /* Activity.swift in Sources */,
				A365B00D2B44D34A00FF712E /* bikecheck.xcdatamodeld in Sources */,
				A3E742952B46FDEE00C5191F /* Athlete.swift in Sources */,
				A31DDB4E2DFCEB2600E16E4B /* TourStep.swift in Sources */,
			);
			runOnlyForDeploymentPostprocessing = 0;
		};
		A365B00E2B44D34A00FF712E /* Sources */ = {
			isa = PBXSourcesBuildPhase;
			buildActionMask = 2147483647;
			files = (
				A38B307E2DAC5B2000F82FA3 /* PersistenceControllerTests.swift in Sources */,
				A38B307F2DAC5B2000F82FA3 /* DataServiceTests.swift in Sources */,
				A38B30802DAC5B2000F82FA3 /* MockPersistenceController.swift in Sources */,
			);
			runOnlyForDeploymentPostprocessing = 0;
		};
		A365B0182B44D34A00FF712E /* Sources */ = {
			isa = PBXSourcesBuildPhase;
			buildActionMask = 2147483647;
			files = (
				A31DDB4C2DFCDA7D00E16E4B /* OnboardingUITests.swift in Sources */,
				A38B307A2DAC5B0000F82FA3 /* bikecheckUITests.swift in Sources */,
				A3934B0D2DE93F4A003DF2D1 /* BikeCheckUITestCase.swift in Sources */,
			);
			runOnlyForDeploymentPostprocessing = 0;
		};
/* End PBXSourcesBuildPhase section */

/* Begin PBXTargetDependency section */
		A365B0142B44D34A00FF712E /* PBXTargetDependency */ = {
			isa = PBXTargetDependency;
			target = A365AFFC2B44D34900FF712E /* bikecheck */;
			targetProxy = A365B0132B44D34A00FF712E /* PBXContainerItemProxy */;
		};
		A365B01E2B44D34A00FF712E /* PBXTargetDependency */ = {
			isa = PBXTargetDependency;
			target = A365AFFC2B44D34900FF712E /* bikecheck */;
			targetProxy = A365B01D2B44D34A00FF712E /* PBXContainerItemProxy */;
		};
/* End PBXTargetDependency section */

/* Begin XCBuildConfiguration section */
		A365B0242B44D34A00FF712E /* Debug */ = {
			isa = XCBuildConfiguration;
			buildSettings = {
				ALWAYS_SEARCH_USER_PATHS = NO;
				ASSETCATALOG_COMPILER_GENERATE_SWIFT_ASSET_SYMBOL_EXTENSIONS = YES;
				CLANG_ANALYZER_NONNULL = YES;
				CLANG_ANALYZER_NUMBER_OBJECT_CONVERSION = YES_AGGRESSIVE;
				CLANG_CXX_LANGUAGE_STANDARD = "gnu++20";
				CLANG_ENABLE_MODULES = YES;
				CLANG_ENABLE_OBJC_ARC = YES;
				CLANG_ENABLE_OBJC_WEAK = YES;
				CLANG_WARN_BLOCK_CAPTURE_AUTORELEASING = YES;
				CLANG_WARN_BOOL_CONVERSION = YES;
				CLANG_WARN_COMMA = YES;
				CLANG_WARN_CONSTANT_CONVERSION = YES;
				CLANG_WARN_DEPRECATED_OBJC_IMPLEMENTATIONS = YES;
				CLANG_WARN_DIRECT_OBJC_ISA_USAGE = YES_ERROR;
				CLANG_WARN_DOCUMENTATION_COMMENTS = YES;
				CLANG_WARN_EMPTY_BODY = YES;
				CLANG_WARN_ENUM_CONVERSION = YES;
				CLANG_WARN_INFINITE_RECURSION = YES;
				CLANG_WARN_INT_CONVERSION = YES;
				CLANG_WARN_NON_LITERAL_NULL_CONVERSION = YES;
				CLANG_WARN_OBJC_IMPLICIT_RETAIN_SELF = YES;
				CLANG_WARN_OBJC_LITERAL_CONVERSION = YES;
				CLANG_WARN_OBJC_ROOT_CLASS = YES_ERROR;
				CLANG_WARN_QUOTED_INCLUDE_IN_FRAMEWORK_HEADER = YES;
				CLANG_WARN_RANGE_LOOP_ANALYSIS = YES;
				CLANG_WARN_STRICT_PROTOTYPES = YES;
				CLANG_WARN_SUSPICIOUS_MOVE = YES;
				CLANG_WARN_UNGUARDED_AVAILABILITY = YES_AGGRESSIVE;
				CLANG_WARN_UNREACHABLE_CODE = YES;
				CLANG_WARN__DUPLICATE_METHOD_MATCH = YES;
				COPY_PHASE_STRIP = NO;
				DEBUG_INFORMATION_FORMAT = dwarf;
				ENABLE_STRICT_OBJC_MSGSEND = YES;
				ENABLE_TESTABILITY = YES;
				ENABLE_USER_SCRIPT_SANDBOXING = YES;
				GCC_C_LANGUAGE_STANDARD = gnu17;
				GCC_DYNAMIC_NO_PIC = NO;
				GCC_NO_COMMON_BLOCKS = YES;
				GCC_OPTIMIZATION_LEVEL = 0;
				GCC_PREPROCESSOR_DEFINITIONS = (
					"DEBUG=1",
					"$(inherited)",
				);
				GCC_WARN_64_TO_32_BIT_CONVERSION = YES;
				GCC_WARN_ABOUT_RETURN_TYPE = YES_ERROR;
				GCC_WARN_UNDECLARED_SELECTOR = YES;
				GCC_WARN_UNINITIALIZED_AUTOS = YES_AGGRESSIVE;
				GCC_WARN_UNUSED_FUNCTION = YES;
				GCC_WARN_UNUSED_VARIABLE = YES;
				IPHONEOS_DEPLOYMENT_TARGET = 17.2;
				LOCALIZATION_PREFERS_STRING_CATALOGS = YES;
				MTL_ENABLE_DEBUG_INFO = INCLUDE_SOURCE;
				MTL_FAST_MATH = YES;
				ONLY_ACTIVE_ARCH = YES;
				SDKROOT = iphoneos;
				SWIFT_ACTIVE_COMPILATION_CONDITIONS = "DEBUG $(inherited)";
				SWIFT_OPTIMIZATION_LEVEL = "-Onone";
			};
			name = Debug;
		};
		A365B0252B44D34A00FF712E /* Release */ = {
			isa = XCBuildConfiguration;
			buildSettings = {
				ALWAYS_SEARCH_USER_PATHS = NO;
				ASSETCATALOG_COMPILER_GENERATE_SWIFT_ASSET_SYMBOL_EXTENSIONS = YES;
				CLANG_ANALYZER_NONNULL = YES;
				CLANG_ANALYZER_NUMBER_OBJECT_CONVERSION = YES_AGGRESSIVE;
				CLANG_CXX_LANGUAGE_STANDARD = "gnu++20";
				CLANG_ENABLE_MODULES = YES;
				CLANG_ENABLE_OBJC_ARC = YES;
				CLANG_ENABLE_OBJC_WEAK = YES;
				CLANG_WARN_BLOCK_CAPTURE_AUTORELEASING = YES;
				CLANG_WARN_BOOL_CONVERSION = YES;
				CLANG_WARN_COMMA = YES;
				CLANG_WARN_CONSTANT_CONVERSION = YES;
				CLANG_WARN_DEPRECATED_OBJC_IMPLEMENTATIONS = YES;
				CLANG_WARN_DIRECT_OBJC_ISA_USAGE = YES_ERROR;
				CLANG_WARN_DOCUMENTATION_COMMENTS = YES;
				CLANG_WARN_EMPTY_BODY = YES;
				CLANG_WARN_ENUM_CONVERSION = YES;
				CLANG_WARN_INFINITE_RECURSION = YES;
				CLANG_WARN_INT_CONVERSION = YES;
				CLANG_WARN_NON_LITERAL_NULL_CONVERSION = YES;
				CLANG_WARN_OBJC_IMPLICIT_RETAIN_SELF = YES;
				CLANG_WARN_OBJC_LITERAL_CONVERSION = YES;
				CLANG_WARN_OBJC_ROOT_CLASS = YES_ERROR;
				CLANG_WARN_QUOTED_INCLUDE_IN_FRAMEWORK_HEADER = YES;
				CLANG_WARN_RANGE_LOOP_ANALYSIS = YES;
				CLANG_WARN_STRICT_PROTOTYPES = YES;
				CLANG_WARN_SUSPICIOUS_MOVE = YES;
				CLANG_WARN_UNGUARDED_AVAILABILITY = YES_AGGRESSIVE;
				CLANG_WARN_UNREACHABLE_CODE = YES;
				CLANG_WARN__DUPLICATE_METHOD_MATCH = YES;
				COPY_PHASE_STRIP = NO;
				DEBUG_INFORMATION_FORMAT = "dwarf-with-dsym";
				ENABLE_NS_ASSERTIONS = NO;
				ENABLE_STRICT_OBJC_MSGSEND = YES;
				ENABLE_USER_SCRIPT_SANDBOXING = YES;
				GCC_C_LANGUAGE_STANDARD = gnu17;
				GCC_NO_COMMON_BLOCKS = YES;
				GCC_WARN_64_TO_32_BIT_CONVERSION = YES;
				GCC_WARN_ABOUT_RETURN_TYPE = YES_ERROR;
				GCC_WARN_UNDECLARED_SELECTOR = YES;
				GCC_WARN_UNINITIALIZED_AUTOS = YES_AGGRESSIVE;
				GCC_WARN_UNUSED_FUNCTION = YES;
				GCC_WARN_UNUSED_VARIABLE = YES;
				IPHONEOS_DEPLOYMENT_TARGET = 17.2;
				LOCALIZATION_PREFERS_STRING_CATALOGS = YES;
				MTL_ENABLE_DEBUG_INFO = NO;
				MTL_FAST_MATH = YES;
				ONLY_ACTIVE_ARCH = YES;
				SDKROOT = iphoneos;
				SWIFT_COMPILATION_MODE = wholemodule;
				VALIDATE_PRODUCT = YES;
			};
			name = Release;
		};
		A365B0272B44D34A00FF712E /* Debug */ = {
			isa = XCBuildConfiguration;
			buildSettings = {
				ASSETCATALOG_COMPILER_APPICON_NAME = AppIcon;
				ASSETCATALOG_COMPILER_GLOBAL_ACCENT_COLOR_NAME = AccentColor;
				CODE_SIGN_STYLE = Automatic;
				CURRENT_PROJECT_VERSION = 1;
				DEVELOPMENT_ASSET_PATHS = "\"bikecheck/Preview Content\"";
				DEVELOPMENT_TEAM = C55UWFYY9X;
				ENABLE_PREVIEWS = YES;
				GENERATE_INFOPLIST_FILE = YES;
				INFOPLIST_FILE = bikecheck/Info.plist;
				INFOPLIST_KEY_CFBundleDisplayName = BikeCheck;
				INFOPLIST_KEY_UIApplicationSceneManifest_Generation = YES;
				INFOPLIST_KEY_UIApplicationSupportsIndirectInputEvents = YES;
				INFOPLIST_KEY_UILaunchScreen_Generation = YES;
				INFOPLIST_KEY_UISupportedInterfaceOrientations_iPad = "UIInterfaceOrientationPortrait UIInterfaceOrientationPortraitUpsideDown UIInterfaceOrientationLandscapeLeft UIInterfaceOrientationLandscapeRight";
				INFOPLIST_KEY_UISupportedInterfaceOrientations_iPhone = "UIInterfaceOrientationPortrait UIInterfaceOrientationLandscapeLeft UIInterfaceOrientationLandscapeRight";
				IPHONEOS_DEPLOYMENT_TARGET = 16.0;
				LD_RUNPATH_SEARCH_PATHS = (
					"$(inherited)",
					"@executable_path/Frameworks",
				);
				MARKETING_VERSION = 1.0;
				PRODUCT_BUNDLE_IDENTIFIER = com.ride.bikecheck;
				PRODUCT_NAME = "$(TARGET_NAME)";
				SUPPORTED_PLATFORMS = "iphoneos iphonesimulator";
				SUPPORTS_MACCATALYST = NO;
				SUPPORTS_MAC_DESIGNED_FOR_IPHONE_IPAD = NO;
				SUPPORTS_XR_DESIGNED_FOR_IPHONE_IPAD = NO;
				SWIFT_EMIT_LOC_STRINGS = YES;
				SWIFT_VERSION = 5.0;
				TARGETED_DEVICE_FAMILY = 1;
			};
			name = Debug;
		};
		A365B0282B44D34A00FF712E /* Release */ = {
			isa = XCBuildConfiguration;
			buildSettings = {
				ASSETCATALOG_COMPILER_APPICON_NAME = AppIcon;
				ASSETCATALOG_COMPILER_GLOBAL_ACCENT_COLOR_NAME = AccentColor;
				CODE_SIGN_STYLE = Automatic;
				CURRENT_PROJECT_VERSION = 1;
				DEVELOPMENT_ASSET_PATHS = "\"bikecheck/Preview Content\"";
				DEVELOPMENT_TEAM = C55UWFYY9X;
				ENABLE_PREVIEWS = YES;
				GENERATE_INFOPLIST_FILE = YES;
				INFOPLIST_FILE = bikecheck/Info.plist;
				INFOPLIST_KEY_CFBundleDisplayName = BikeCheck;
				INFOPLIST_KEY_UIApplicationSceneManifest_Generation = YES;
				INFOPLIST_KEY_UIApplicationSupportsIndirectInputEvents = YES;
				INFOPLIST_KEY_UILaunchScreen_Generation = YES;
				INFOPLIST_KEY_UISupportedInterfaceOrientations_iPad = "UIInterfaceOrientationPortrait UIInterfaceOrientationPortraitUpsideDown UIInterfaceOrientationLandscapeLeft UIInterfaceOrientationLandscapeRight";
				INFOPLIST_KEY_UISupportedInterfaceOrientations_iPhone = "UIInterfaceOrientationPortrait UIInterfaceOrientationLandscapeLeft UIInterfaceOrientationLandscapeRight";
				IPHONEOS_DEPLOYMENT_TARGET = 16.0;
				LD_RUNPATH_SEARCH_PATHS = (
					"$(inherited)",
					"@executable_path/Frameworks",
				);
				MARKETING_VERSION = 1.0;
				ONLY_ACTIVE_ARCH = YES;
				PRODUCT_BUNDLE_IDENTIFIER = com.ride.bikecheck;
				PRODUCT_NAME = "$(TARGET_NAME)";
				SUPPORTED_PLATFORMS = "iphoneos iphonesimulator";
				SUPPORTS_MACCATALYST = NO;
				SUPPORTS_MAC_DESIGNED_FOR_IPHONE_IPAD = NO;
				SUPPORTS_XR_DESIGNED_FOR_IPHONE_IPAD = NO;
				SWIFT_EMIT_LOC_STRINGS = YES;
				SWIFT_VERSION = 5.0;
				TARGETED_DEVICE_FAMILY = 1;
			};
			name = Release;
		};
		A365B02A2B44D34A00FF712E /* Debug */ = {
			isa = XCBuildConfiguration;
			buildSettings = {
				ALWAYS_EMBED_SWIFT_STANDARD_LIBRARIES = YES;
				BUNDLE_LOADER = "$(TEST_HOST)";
				CODE_SIGN_STYLE = Automatic;
				CURRENT_PROJECT_VERSION = 1;
				DEVELOPMENT_TEAM = C55UWFYY9X;
				GENERATE_INFOPLIST_FILE = YES;
				IPHONEOS_DEPLOYMENT_TARGET = 17.2;
				MARKETING_VERSION = 1.0;
				PRODUCT_BUNDLE_IDENTIFIER = com.ride.bikecheckTests;
				PRODUCT_NAME = "$(TARGET_NAME)";
				SWIFT_EMIT_LOC_STRINGS = NO;
				SWIFT_VERSION = 5.0;
				TARGETED_DEVICE_FAMILY = "1,2";
				TEST_HOST = "$(BUILT_PRODUCTS_DIR)/bikecheck.app/$(BUNDLE_EXECUTABLE_FOLDER_PATH)/bikecheck";
			};
			name = Debug;
		};
		A365B02B2B44D34A00FF712E /* Release */ = {
			isa = XCBuildConfiguration;
			buildSettings = {
				ALWAYS_EMBED_SWIFT_STANDARD_LIBRARIES = YES;
				BUNDLE_LOADER = "$(TEST_HOST)";
				CODE_SIGN_STYLE = Automatic;
				CURRENT_PROJECT_VERSION = 1;
				DEVELOPMENT_TEAM = C55UWFYY9X;
				GENERATE_INFOPLIST_FILE = YES;
				IPHONEOS_DEPLOYMENT_TARGET = 17.2;
				MARKETING_VERSION = 1.0;
				PRODUCT_BUNDLE_IDENTIFIER = com.ride.bikecheckTests;
				PRODUCT_NAME = "$(TARGET_NAME)";
				SWIFT_EMIT_LOC_STRINGS = NO;
				SWIFT_VERSION = 5.0;
				TARGETED_DEVICE_FAMILY = "1,2";
				TEST_HOST = "$(BUILT_PRODUCTS_DIR)/bikecheck.app/$(BUNDLE_EXECUTABLE_FOLDER_PATH)/bikecheck";
			};
			name = Release;
		};
		A365B02D2B44D34A00FF712E /* Debug */ = {
			isa = XCBuildConfiguration;
			buildSettings = {
				ALWAYS_EMBED_SWIFT_STANDARD_LIBRARIES = YES;
				CODE_SIGN_STYLE = Automatic;
				CURRENT_PROJECT_VERSION = 1;
				DEVELOPMENT_TEAM = C55UWFYY9X;
				GENERATE_INFOPLIST_FILE = YES;
				MARKETING_VERSION = 1.0;
				PRODUCT_BUNDLE_IDENTIFIER = com.ride.bikecheckUITests;
				PRODUCT_NAME = "$(TARGET_NAME)";
				SWIFT_EMIT_LOC_STRINGS = NO;
				SWIFT_VERSION = 5.0;
				TARGETED_DEVICE_FAMILY = "1,2";
				TEST_TARGET_NAME = bikecheck;
			};
			name = Debug;
		};
		A365B02E2B44D34A00FF712E /* Release */ = {
			isa = XCBuildConfiguration;
			buildSettings = {
				ALWAYS_EMBED_SWIFT_STANDARD_LIBRARIES = YES;
				CODE_SIGN_STYLE = Automatic;
				CURRENT_PROJECT_VERSION = 1;
				DEVELOPMENT_TEAM = C55UWFYY9X;
				GENERATE_INFOPLIST_FILE = YES;
				MARKETING_VERSION = 1.0;
				PRODUCT_BUNDLE_IDENTIFIER = com.ride.bikecheckUITests;
				PRODUCT_NAME = "$(TARGET_NAME)";
				SWIFT_EMIT_LOC_STRINGS = NO;
				SWIFT_VERSION = 5.0;
				TARGETED_DEVICE_FAMILY = "1,2";
				TEST_TARGET_NAME = bikecheck;
			};
			name = Release;
		};
/* End XCBuildConfiguration section */

/* Begin XCConfigurationList section */
		A365AFF82B44D34900FF712E /* Build configuration list for PBXProject "bikecheck" */ = {
			isa = XCConfigurationList;
			buildConfigurations = (
				A365B0242B44D34A00FF712E /* Debug */,
				A365B0252B44D34A00FF712E /* Release */,
			);
			defaultConfigurationIsVisible = 0;
			defaultConfigurationName = Release;
		};
		A365B0262B44D34A00FF712E /* Build configuration list for PBXNativeTarget "bikecheck" */ = {
			isa = XCConfigurationList;
			buildConfigurations = (
				A365B0272B44D34A00FF712E /* Debug */,
				A365B0282B44D34A00FF712E /* Release */,
			);
			defaultConfigurationIsVisible = 0;
			defaultConfigurationName = Release;
		};
		A365B0292B44D34A00FF712E /* Build configuration list for PBXNativeTarget "bikecheckTests" */ = {
			isa = XCConfigurationList;
			buildConfigurations = (
				A365B02A2B44D34A00FF712E /* Debug */,
				A365B02B2B44D34A00FF712E /* Release */,
			);
			defaultConfigurationIsVisible = 0;
			defaultConfigurationName = Release;
		};
		A365B02C2B44D34A00FF712E /* Build configuration list for PBXNativeTarget "bikecheckUITests" */ = {
			isa = XCConfigurationList;
			buildConfigurations = (
				A365B02D2B44D34A00FF712E /* Debug */,
				A365B02E2B44D34A00FF712E /* Release */,
			);
			defaultConfigurationIsVisible = 0;
			defaultConfigurationName = Release;
		};
/* End XCConfigurationList section */

/* Begin XCRemoteSwiftPackageReference section */
		A365B0382B44D41000FF712E /* XCRemoteSwiftPackageReference "Alamofire" */ = {
			isa = XCRemoteSwiftPackageReference;
			repositoryURL = "https://github.com/Alamofire/Alamofire.git";
			requirement = {
				kind = upToNextMajorVersion;
				minimumVersion = 5.8.1;
			};
		};
/* End XCRemoteSwiftPackageReference section */

/* Begin XCSwiftPackageProductDependency section */
		A365B0392B44D41000FF712E /* Alamofire */ = {
			isa = XCSwiftPackageProductDependency;
			package = A365B0382B44D41000FF712E /* XCRemoteSwiftPackageReference "Alamofire" */;
			productName = Alamofire;
		};
/* End XCSwiftPackageProductDependency section */

/* Begin XCVersionGroup section */
		A365B00B2B44D34A00FF712E /* bikecheck.xcdatamodeld */ = {
			isa = XCVersionGroup;
			children = (
				A365B00C2B44D34A00FF712E /* bikecheck.xcdatamodel */,
			);
			currentVersion = A365B00C2B44D34A00FF712E /* bikecheck.xcdatamodel */;
			path = bikecheck.xcdatamodeld;
			sourceTree = "<group>";
			versionGroupType = wrapper.xcdatamodel;
		};
/* End XCVersionGroup section */
	};
	rootObject = A365AFF52B44D34900FF712E /* Project object */;
}
